{
  "name": "MobileLegends",
  "lockfileVersion": 2,
  "requires": true,
  "packages": {
    "": {
      "dependencies": {
        "animate.css": "^4.1.1",
        "react-csv-to-table": "^0.0.4",
        "react-notifications-component": "^4.0.1"
      }
    },
    "node_modules/animate.css": {
      "version": "4.1.1",
      "resolved": "https://registry.npmjs.org/animate.css/-/animate.css-4.1.1.tgz",
      "integrity": "sha512-+mRmCTv6SbCmtYJCN4faJMNFVNN5EuCTTprDTAo7YzIGji2KADmakjVA3+8mVDkZ2Bf09vayB35lSQIex2+QaQ=="
    },
    "node_modules/react-csv-to-table": {
      "version": "0.0.4",
      "resolved": "https://registry.npmjs.org/react-csv-to-table/-/react-csv-to-table-0.0.4.tgz",
      "integrity": "sha512-YHdhavi7WgksHn3/S/pIHDy4zepeYjTQkTfmKcQv976OwNSWIUB7RlYJKmCFXAgfqkbiCNbtEIHnX1n3/rTfJA==",
      "peerDependencies": {
        "react": "^16.8.6",
        "react-dom": "^16.8.6"
      }
    },
    "node_modules/react-notifications-component": {
      "version": "4.0.1",
      "resolved": "https://registry.npmjs.org/react-notifications-component/-/react-notifications-component-4.0.1.tgz",
      "integrity": "sha512-NRBkWO19AsXmN0b8YQ0L12eoCAhrnmIZtGm77ATWSfQEXPL5PYSyeACpx7tePP+R2De9b0IP4yk9vY4TtzC02w==",
      "peerDependencies": {
        "react": "^18.0.1"
      }
    }
  },
  "dependencies": {
    "animate.css": {
      "version": "4.1.1",
      "resolved": "https://registry.npmjs.org/animate.css/-/animate.css-4.1.1.tgz",
      "integrity": "sha512-+mRmCTv6SbCmtYJCN4faJMNFVNN5EuCTTprDTAo7YzIGji2KADmakjVA3+8mVDkZ2Bf09vayB35lSQIex2+QaQ=="
    },
    "react-csv-to-table": {
      "version": "0.0.4",
      "resolved": "https://registry.npmjs.org/react-csv-to-table/-/react-csv-to-table-0.0.4.tgz",
      "integrity": "sha512-YHdhavi7WgksHn3/S/pIHDy4zepeYjTQkTfmKcQv976OwNSWIUB7RlYJKmCFXAgfqkbiCNbtEIHnX1n3/rTfJA=="
    },
    "react-notifications-component": {
      "version": "4.0.1",
      "resolved": "https://registry.npmjs.org/react-notifications-component/-/react-notifications-component-4.0.1.tgz",
      "integrity": "sha512-NRBkWO19AsXmN0b8YQ0L12eoCAhrnmIZtGm77ATWSfQEXPL5PYSyeACpx7tePP+R2De9b0IP4yk9vY4TtzC02w=="
    }
  }
}
